
Microsoft Visual Studio Solution File, Format Version 12.00
# Visual Studio Version 17
VisualStudioVersion = 17.5.33516.290
MinimumVisualStudioVersion = 10.0.40219.1
Project("{FAE04EC0-301F-11D3-BF4B-00C04F79EFBC}") = "WebBanSachAPI", "WebBanSachAPI\WebBanSachAPI.csproj", "{5671B1B4-482A-46CC-8D37-0167C8A310D6}"
EndProject
Project("{FAE04EC0-301F-11D3-BF4B-00C04F79EFBC}") = "WebBanSachService", "WebBanSachService\WebBanSachService.csproj", "{05FF02FD-BA97-4F75-B649-C9F773AFD2A0}"
EndProject
Project("{FAE04EC0-301F-11D3-BF4B-00C04F79EFBC}") = "WebBanSachModel", "WebBanSachModel\WebBanSachModel.csproj", "{E767C801-64E8-4FFD-9377-9F37E555F069}"
EndProject
Project("{FAE04EC0-301F-11D3-BF4B-00C04F79EFBC}") = "WebBanSachRepository", "WebBanSachRepository\WebBanSachRepository.csproj", "{A84DE300-60C5-4A33-8564-D8C75D0AE807}"
EndProject
Global
	GlobalSection(SolutionConfigurationPlatforms) = preSolution
		Debug|Any CPU = Debug|Any CPU
		Release|Any CPU = Release|Any CPU
	EndGlobalSection
	GlobalSection(ProjectConfigurationPlatforms) = postSolution
		{5671B1B4-482A-46CC-8D37-0167C8A310D6}.Debug|Any CPU.ActiveCfg = Debug|Any CPU
		{5671B1B4-482A-46CC-8D37-0167C8A310D6}.Debug|Any CPU.Build.0 = Debug|Any CPU
		{5671B1B4-482A-46CC-8D37-0167C8A310D6}.Release|Any CPU.ActiveCfg = Release|Any CPU
		{5671B1B4-482A-46CC-8D37-0167C8A310D6}.Release|Any CPU.Build.0 = Release|Any CPU
		{05FF02FD-BA97-4F75-B649-C9F773AFD2A0}.Debug|Any CPU.ActiveCfg = Debug|Any CPU
		{05FF02FD-BA97-4F75-B649-C9F773AFD2A0}.Debug|Any CPU.Build.0 = Debug|Any CPU
		{05FF02FD-BA97-4F75-B649-C9F773AFD2A0}.Release|Any CPU.ActiveCfg = Release|Any CPU
		{05FF02FD-BA97-4F75-B649-C9F773AFD2A0}.Release|Any CPU.Build.0 = Release|Any CPU
		{E767C801-64E8-4FFD-9377-9F37E555F069}.Debug|Any CPU.ActiveCfg = Debug|Any CPU
		{E767C801-64E8-4FFD-9377-9F37E555F069}.Debug|Any CPU.Build.0 = Debug|Any CPU
		{E767C801-64E8-4FFD-9377-9F37E555F069}.Release|Any CPU.ActiveCfg = Release|Any CPU
		{E767C801-64E8-4FFD-9377-9F37E555F069}.Release|Any CPU.Build.0 = Release|Any CPU
		{A84DE300-60C5-4A33-8564-D8C75D0AE807}.Debug|Any CPU.ActiveCfg = Debug|Any CPU
		{A84DE300-60C5-4A33-8564-D8C75D0AE807}.Debug|Any CPU.Build.0 = Debug|Any CPU
		{A84DE300-60C5-4A33-8564-D8C75D0AE807}.Release|Any CPU.ActiveCfg = Release|Any CPU
		{A84DE300-60C5-4A33-8564-D8C75D0AE807}.Release|Any CPU.Build.0 = Release|Any CPU
	EndGlobalSection
	GlobalSection(SolutionProperties) = preSolution
		HideSolutionNode = FALSE
	EndGlobalSection
	GlobalSection(ExtensibilityGlobals) = postSolution
		SolutionGuid = {05183A0F-77DE-43FE-A225-437B9C31A169}
	EndGlobalSection
EndGlobal
